
Microsoft Visual Studio Solution File, Format Version 12.00
# Visual Studio 15
VisualStudioVersion = 15.0.26127.0
MinimumVisualStudioVersion = 10.0.40219.1
Project("{2150E333-8FDC-42A3-9474-1A3956D46DE8}") = "src", "src", "{7C671455-1413-4F00-B5FF-C1EA7A3CD1B5}"
EndProject
Project("{2150E333-8FDC-42A3-9474-1A3956D46DE8}") = "Solution Items", "Solution Items", "{0988961E-5508-4E86-A0F0-C53D3E94BD25}"
	ProjectSection(SolutionItems) = preProject
		docker-compose.ci.build.yml = docker-compose.ci.build.yml
	EndProjectSection
EndProject
Project("{FAE04EC0-301F-11D3-BF4B-00C04F79EFBC}") = "Models", "src\Models\Models.csproj", "{3ECF3379-9443-451A-A59B-DF24831299FE}"
EndProject
Project("{FAE04EC0-301F-11D3-BF4B-00C04F79EFBC}") = "Logic", "src\Logic\Logic.csproj", "{4B2CE904-AF28-40A9-81EF-0118C02E2200}"
EndProject
Project("{FAE04EC0-301F-11D3-BF4B-00C04F79EFBC}") = "Repository", "src\Repository\Repository.csproj", "{04590E63-5769-44C1-A1F6-A0FDE8EF7B76}"
EndProject
Project("{9A19103F-16F7-4668-BE54-9A1E7A4F7556}") = "FoosballCore", "src\FoosballCore\FoosballCore.csproj", "{814CD665-B514-49BA-9745-F4E2384F19D1}"
EndProject
Global
	GlobalSection(SolutionConfigurationPlatforms) = preSolution
		Debug|Any CPU = Debug|Any CPU
		Debug|x64 = Debug|x64
		Debug|x86 = Debug|x86
		Release|Any CPU = Release|Any CPU
		Release|x64 = Release|x64
		Release|x86 = Release|x86
	EndGlobalSection
	GlobalSection(ProjectConfigurationPlatforms) = postSolution
		{3ECF3379-9443-451A-A59B-DF24831299FE}.Debug|Any CPU.ActiveCfg = Debug|Any CPU
		{3ECF3379-9443-451A-A59B-DF24831299FE}.Debug|Any CPU.Build.0 = Debug|Any CPU
		{3ECF3379-9443-451A-A59B-DF24831299FE}.Debug|x64.ActiveCfg = Debug|x64
		{3ECF3379-9443-451A-A59B-DF24831299FE}.Debug|x64.Build.0 = Debug|x64
		{3ECF3379-9443-451A-A59B-DF24831299FE}.Debug|x86.ActiveCfg = Debug|x86
		{3ECF3379-9443-451A-A59B-DF24831299FE}.Debug|x86.Build.0 = Debug|x86
		{3ECF3379-9443-451A-A59B-DF24831299FE}.Release|Any CPU.ActiveCfg = Release|Any CPU
		{3ECF3379-9443-451A-A59B-DF24831299FE}.Release|Any CPU.Build.0 = Release|Any CPU
		{3ECF3379-9443-451A-A59B-DF24831299FE}.Release|x64.ActiveCfg = Release|x64
		{3ECF3379-9443-451A-A59B-DF24831299FE}.Release|x64.Build.0 = Release|x64
		{3ECF3379-9443-451A-A59B-DF24831299FE}.Release|x86.ActiveCfg = Release|x86
		{3ECF3379-9443-451A-A59B-DF24831299FE}.Release|x86.Build.0 = Release|x86
		{4B2CE904-AF28-40A9-81EF-0118C02E2200}.Debug|Any CPU.ActiveCfg = Debug|Any CPU
		{4B2CE904-AF28-40A9-81EF-0118C02E2200}.Debug|Any CPU.Build.0 = Debug|Any CPU
		{4B2CE904-AF28-40A9-81EF-0118C02E2200}.Debug|x64.ActiveCfg = Debug|x64
		{4B2CE904-AF28-40A9-81EF-0118C02E2200}.Debug|x64.Build.0 = Debug|x64
		{4B2CE904-AF28-40A9-81EF-0118C02E2200}.Debug|x86.ActiveCfg = Debug|x86
		{4B2CE904-AF28-40A9-81EF-0118C02E2200}.Debug|x86.Build.0 = Debug|x86
		{4B2CE904-AF28-40A9-81EF-0118C02E2200}.Release|Any CPU.ActiveCfg = Release|Any CPU
		{4B2CE904-AF28-40A9-81EF-0118C02E2200}.Release|Any CPU.Build.0 = Release|Any CPU
		{4B2CE904-AF28-40A9-81EF-0118C02E2200}.Release|x64.ActiveCfg = Release|x64
		{4B2CE904-AF28-40A9-81EF-0118C02E2200}.Release|x64.Build.0 = Release|x64
		{4B2CE904-AF28-40A9-81EF-0118C02E2200}.Release|x86.ActiveCfg = Release|x86
		{4B2CE904-AF28-40A9-81EF-0118C02E2200}.Release|x86.Build.0 = Release|x86
		{04590E63-5769-44C1-A1F6-A0FDE8EF7B76}.Debug|Any CPU.ActiveCfg = Debug|Any CPU
		{04590E63-5769-44C1-A1F6-A0FDE8EF7B76}.Debug|Any CPU.Build.0 = Debug|Any CPU
		{04590E63-5769-44C1-A1F6-A0FDE8EF7B76}.Debug|x64.ActiveCfg = Debug|x64
		{04590E63-5769-44C1-A1F6-A0FDE8EF7B76}.Debug|x64.Build.0 = Debug|x64
		{04590E63-5769-44C1-A1F6-A0FDE8EF7B76}.Debug|x86.ActiveCfg = Debug|x86
		{04590E63-5769-44C1-A1F6-A0FDE8EF7B76}.Debug|x86.Build.0 = Debug|x86
		{04590E63-5769-44C1-A1F6-A0FDE8EF7B76}.Release|Any CPU.ActiveCfg = Release|Any CPU
		{04590E63-5769-44C1-A1F6-A0FDE8EF7B76}.Release|Any CPU.Build.0 = Release|Any CPU
		{04590E63-5769-44C1-A1F6-A0FDE8EF7B76}.Release|x64.ActiveCfg = Release|x64
		{04590E63-5769-44C1-A1F6-A0FDE8EF7B76}.Release|x64.Build.0 = Release|x64
		{04590E63-5769-44C1-A1F6-A0FDE8EF7B76}.Release|x86.ActiveCfg = Release|x86
		{04590E63-5769-44C1-A1F6-A0FDE8EF7B76}.Release|x86.Build.0 = Release|x86
		{814CD665-B514-49BA-9745-F4E2384F19D1}.Debug|Any CPU.ActiveCfg = Debug|Any CPU
		{814CD665-B514-49BA-9745-F4E2384F19D1}.Debug|Any CPU.Build.0 = Debug|Any CPU
		{814CD665-B514-49BA-9745-F4E2384F19D1}.Debug|x64.ActiveCfg = Debug|x64
		{814CD665-B514-49BA-9745-F4E2384F19D1}.Debug|x64.Build.0 = Debug|x64
		{814CD665-B514-49BA-9745-F4E2384F19D1}.Debug|x86.ActiveCfg = Debug|x86
		{814CD665-B514-49BA-9745-F4E2384F19D1}.Debug|x86.Build.0 = Debug|x86
		{814CD665-B514-49BA-9745-F4E2384F19D1}.Release|Any CPU.ActiveCfg = Release|Any CPU
		{814CD665-B514-49BA-9745-F4E2384F19D1}.Release|Any CPU.Build.0 = Release|Any CPU
		{814CD665-B514-49BA-9745-F4E2384F19D1}.Release|x64.ActiveCfg = Release|x64
		{814CD665-B514-49BA-9745-F4E2384F19D1}.Release|x64.Build.0 = Release|x64
		{814CD665-B514-49BA-9745-F4E2384F19D1}.Release|x86.ActiveCfg = Release|x86
		{814CD665-B514-49BA-9745-F4E2384F19D1}.Release|x86.Build.0 = Release|x86
	EndGlobalSection
	GlobalSection(SolutionProperties) = preSolution
		HideSolutionNode = FALSE
	EndGlobalSection
	GlobalSection(NestedProjects) = preSolution
		{3ECF3379-9443-451A-A59B-DF24831299FE} = {7C671455-1413-4F00-B5FF-C1EA7A3CD1B5}
		{4B2CE904-AF28-40A9-81EF-0118C02E2200} = {7C671455-1413-4F00-B5FF-C1EA7A3CD1B5}
		{04590E63-5769-44C1-A1F6-A0FDE8EF7B76} = {7C671455-1413-4F00-B5FF-C1EA7A3CD1B5}
		{814CD665-B514-49BA-9745-F4E2384F19D1} = {7C671455-1413-4F00-B5FF-C1EA7A3CD1B5}
	EndGlobalSection
EndGlobal
