
Microsoft Visual Studio Solution File, Format Version 12.00
# Visual Studio 15
VisualStudioVersion = 15.0.26127.0
MinimumVisualStudioVersion = 10.0.40219.1
Project("{2150E333-8FDC-42A3-9474-1A3956D46DE8}") = "src", "src", "{7C671455-1413-4F00-B5FF-C1EA7A3CD1B5}"
EndProject
Project("{FAE04EC0-301F-11D3-BF4B-00C04F79EFBC}") = "FoosballCore2", "src\FoosballCore2\FoosballCore2.csproj", "{C5986E4E-AFDE-48E1-9C29-2E353F9353A2}"
EndProject
Project("{2150E333-8FDC-42A3-9474-1A3956D46DE8}") = "Solution Items", "Solution Items", "{0988961E-5508-4E86-A0F0-C53D3E94BD25}"
	ProjectSection(SolutionItems) = preProject
		docker-compose.ci.build.yml = docker-compose.ci.build.yml
	EndProjectSection
EndProject
Project("{FAE04EC0-301F-11D3-BF4B-00C04F79EFBC}") = "Models", "src\Models\Models.csproj", "{3ECF3379-9443-451A-A59B-DF24831299FE}"
EndProject
Project("{FAE04EC0-301F-11D3-BF4B-00C04F79EFBC}") = "Logic", "src\Logic\Logic.csproj", "{4B2CE904-AF28-40A9-81EF-0118C02E2200}"
EndProject
Project("{FAE04EC0-301F-11D3-BF4B-00C04F79EFBC}") = "Repository", "Repository\Repository.csproj", "{22E0B69A-CC02-48C7-919C-3F3B7B68F753}"
EndProject
Project("{FAE04EC0-301F-11D3-BF4B-00C04F79EFBC}") = "UwpFrontend", "UwpFrontend\UwpFrontend.csproj", "{FE6D0303-1287-4D19-913C-DF382138689C}"
EndProject
Global
	GlobalSection(SolutionConfigurationPlatforms) = preSolution
		Debug|Any CPU = Debug|Any CPU
		Debug|ARM = Debug|ARM
		Debug|x64 = Debug|x64
		Debug|x86 = Debug|x86
		Release|Any CPU = Release|Any CPU
		Release|ARM = Release|ARM
		Release|x64 = Release|x64
		Release|x86 = Release|x86
	EndGlobalSection
	GlobalSection(ProjectConfigurationPlatforms) = postSolution
		{C5986E4E-AFDE-48E1-9C29-2E353F9353A2}.Debug|Any CPU.ActiveCfg = Debug|Any CPU
		{C5986E4E-AFDE-48E1-9C29-2E353F9353A2}.Debug|Any CPU.Build.0 = Debug|Any CPU
		{C5986E4E-AFDE-48E1-9C29-2E353F9353A2}.Debug|ARM.ActiveCfg = Debug|Any CPU
		{C5986E4E-AFDE-48E1-9C29-2E353F9353A2}.Debug|ARM.Build.0 = Debug|Any CPU
		{C5986E4E-AFDE-48E1-9C29-2E353F9353A2}.Debug|x64.ActiveCfg = Debug|x64
		{C5986E4E-AFDE-48E1-9C29-2E353F9353A2}.Debug|x64.Build.0 = Debug|x64
		{C5986E4E-AFDE-48E1-9C29-2E353F9353A2}.Debug|x86.ActiveCfg = Debug|x86
		{C5986E4E-AFDE-48E1-9C29-2E353F9353A2}.Debug|x86.Build.0 = Debug|x86
		{C5986E4E-AFDE-48E1-9C29-2E353F9353A2}.Release|Any CPU.ActiveCfg = Debug|Any CPU
		{C5986E4E-AFDE-48E1-9C29-2E353F9353A2}.Release|Any CPU.Build.0 = Debug|Any CPU
		{C5986E4E-AFDE-48E1-9C29-2E353F9353A2}.Release|ARM.ActiveCfg = Release|Any CPU
		{C5986E4E-AFDE-48E1-9C29-2E353F9353A2}.Release|ARM.Build.0 = Release|Any CPU
		{C5986E4E-AFDE-48E1-9C29-2E353F9353A2}.Release|x64.ActiveCfg = Release|x64
		{C5986E4E-AFDE-48E1-9C29-2E353F9353A2}.Release|x64.Build.0 = Release|x64
		{C5986E4E-AFDE-48E1-9C29-2E353F9353A2}.Release|x86.ActiveCfg = Release|x86
		{C5986E4E-AFDE-48E1-9C29-2E353F9353A2}.Release|x86.Build.0 = Release|x86
		{3ECF3379-9443-451A-A59B-DF24831299FE}.Debug|Any CPU.ActiveCfg = Debug|Any CPU
		{3ECF3379-9443-451A-A59B-DF24831299FE}.Debug|Any CPU.Build.0 = Debug|Any CPU
		{3ECF3379-9443-451A-A59B-DF24831299FE}.Debug|ARM.ActiveCfg = Debug|Any CPU
		{3ECF3379-9443-451A-A59B-DF24831299FE}.Debug|ARM.Build.0 = Debug|Any CPU
		{3ECF3379-9443-451A-A59B-DF24831299FE}.Debug|x64.ActiveCfg = Debug|x64
		{3ECF3379-9443-451A-A59B-DF24831299FE}.Debug|x64.Build.0 = Debug|x64
		{3ECF3379-9443-451A-A59B-DF24831299FE}.Debug|x86.ActiveCfg = Debug|x86
		{3ECF3379-9443-451A-A59B-DF24831299FE}.Debug|x86.Build.0 = Debug|x86
		{3ECF3379-9443-451A-A59B-DF24831299FE}.Release|Any CPU.ActiveCfg = Release|Any CPU
		{3ECF3379-9443-451A-A59B-DF24831299FE}.Release|Any CPU.Build.0 = Release|Any CPU
		{3ECF3379-9443-451A-A59B-DF24831299FE}.Release|ARM.ActiveCfg = Release|Any CPU
		{3ECF3379-9443-451A-A59B-DF24831299FE}.Release|ARM.Build.0 = Release|Any CPU
		{3ECF3379-9443-451A-A59B-DF24831299FE}.Release|x64.ActiveCfg = Release|x64
		{3ECF3379-9443-451A-A59B-DF24831299FE}.Release|x64.Build.0 = Release|x64
		{3ECF3379-9443-451A-A59B-DF24831299FE}.Release|x86.ActiveCfg = Release|x86
		{3ECF3379-9443-451A-A59B-DF24831299FE}.Release|x86.Build.0 = Release|x86
		{4B2CE904-AF28-40A9-81EF-0118C02E2200}.Debug|Any CPU.ActiveCfg = Debug|Any CPU
		{4B2CE904-AF28-40A9-81EF-0118C02E2200}.Debug|Any CPU.Build.0 = Debug|Any CPU
		{4B2CE904-AF28-40A9-81EF-0118C02E2200}.Debug|ARM.ActiveCfg = Debug|Any CPU
		{4B2CE904-AF28-40A9-81EF-0118C02E2200}.Debug|ARM.Build.0 = Debug|Any CPU
		{4B2CE904-AF28-40A9-81EF-0118C02E2200}.Debug|x64.ActiveCfg = Debug|x64
		{4B2CE904-AF28-40A9-81EF-0118C02E2200}.Debug|x64.Build.0 = Debug|x64
		{4B2CE904-AF28-40A9-81EF-0118C02E2200}.Debug|x86.ActiveCfg = Debug|x86
		{4B2CE904-AF28-40A9-81EF-0118C02E2200}.Debug|x86.Build.0 = Debug|x86
		{4B2CE904-AF28-40A9-81EF-0118C02E2200}.Release|Any CPU.ActiveCfg = Release|Any CPU
		{4B2CE904-AF28-40A9-81EF-0118C02E2200}.Release|Any CPU.Build.0 = Release|Any CPU
		{4B2CE904-AF28-40A9-81EF-0118C02E2200}.Release|ARM.ActiveCfg = Release|Any CPU
		{4B2CE904-AF28-40A9-81EF-0118C02E2200}.Release|ARM.Build.0 = Release|Any CPU
		{4B2CE904-AF28-40A9-81EF-0118C02E2200}.Release|x64.ActiveCfg = Release|x64
		{4B2CE904-AF28-40A9-81EF-0118C02E2200}.Release|x64.Build.0 = Release|x64
		{4B2CE904-AF28-40A9-81EF-0118C02E2200}.Release|x86.ActiveCfg = Release|x86
		{4B2CE904-AF28-40A9-81EF-0118C02E2200}.Release|x86.Build.0 = Release|x86
		{22E0B69A-CC02-48C7-919C-3F3B7B68F753}.Debug|Any CPU.ActiveCfg = Debug|Any CPU
		{22E0B69A-CC02-48C7-919C-3F3B7B68F753}.Debug|Any CPU.Build.0 = Debug|Any CPU
		{22E0B69A-CC02-48C7-919C-3F3B7B68F753}.Debug|ARM.ActiveCfg = Debug|Any CPU
		{22E0B69A-CC02-48C7-919C-3F3B7B68F753}.Debug|ARM.Build.0 = Debug|Any CPU
		{22E0B69A-CC02-48C7-919C-3F3B7B68F753}.Debug|x64.ActiveCfg = Debug|x64
		{22E0B69A-CC02-48C7-919C-3F3B7B68F753}.Debug|x64.Build.0 = Debug|x64
		{22E0B69A-CC02-48C7-919C-3F3B7B68F753}.Debug|x86.ActiveCfg = Debug|x86
		{22E0B69A-CC02-48C7-919C-3F3B7B68F753}.Debug|x86.Build.0 = Debug|x86
		{22E0B69A-CC02-48C7-919C-3F3B7B68F753}.Release|Any CPU.ActiveCfg = Release|Any CPU
		{22E0B69A-CC02-48C7-919C-3F3B7B68F753}.Release|Any CPU.Build.0 = Release|Any CPU
		{22E0B69A-CC02-48C7-919C-3F3B7B68F753}.Release|ARM.ActiveCfg = Release|Any CPU
		{22E0B69A-CC02-48C7-919C-3F3B7B68F753}.Release|ARM.Build.0 = Release|Any CPU
		{22E0B69A-CC02-48C7-919C-3F3B7B68F753}.Release|x64.ActiveCfg = Release|x64
		{22E0B69A-CC02-48C7-919C-3F3B7B68F753}.Release|x64.Build.0 = Release|x64
		{22E0B69A-CC02-48C7-919C-3F3B7B68F753}.Release|x86.ActiveCfg = Release|x86
		{22E0B69A-CC02-48C7-919C-3F3B7B68F753}.Release|x86.Build.0 = Release|x86
		{FE6D0303-1287-4D19-913C-DF382138689C}.Debug|Any CPU.ActiveCfg = Debug|x86
		{FE6D0303-1287-4D19-913C-DF382138689C}.Debug|ARM.ActiveCfg = Debug|ARM
		{FE6D0303-1287-4D19-913C-DF382138689C}.Debug|ARM.Build.0 = Debug|ARM
		{FE6D0303-1287-4D19-913C-DF382138689C}.Debug|ARM.Deploy.0 = Debug|ARM
		{FE6D0303-1287-4D19-913C-DF382138689C}.Debug|x64.ActiveCfg = Debug|x64
		{FE6D0303-1287-4D19-913C-DF382138689C}.Debug|x64.Build.0 = Debug|x64
		{FE6D0303-1287-4D19-913C-DF382138689C}.Debug|x64.Deploy.0 = Debug|x64
		{FE6D0303-1287-4D19-913C-DF382138689C}.Debug|x86.ActiveCfg = Debug|x86
		{FE6D0303-1287-4D19-913C-DF382138689C}.Debug|x86.Build.0 = Debug|x86
		{FE6D0303-1287-4D19-913C-DF382138689C}.Debug|x86.Deploy.0 = Debug|x86
		{FE6D0303-1287-4D19-913C-DF382138689C}.Release|Any CPU.ActiveCfg = Release|x86
		{FE6D0303-1287-4D19-913C-DF382138689C}.Release|ARM.ActiveCfg = Release|ARM
		{FE6D0303-1287-4D19-913C-DF382138689C}.Release|ARM.Build.0 = Release|ARM
		{FE6D0303-1287-4D19-913C-DF382138689C}.Release|ARM.Deploy.0 = Release|ARM
		{FE6D0303-1287-4D19-913C-DF382138689C}.Release|x64.ActiveCfg = Release|x64
		{FE6D0303-1287-4D19-913C-DF382138689C}.Release|x64.Build.0 = Release|x64
		{FE6D0303-1287-4D19-913C-DF382138689C}.Release|x64.Deploy.0 = Release|x64
		{FE6D0303-1287-4D19-913C-DF382138689C}.Release|x86.ActiveCfg = Release|x86
		{FE6D0303-1287-4D19-913C-DF382138689C}.Release|x86.Build.0 = Release|x86
		{FE6D0303-1287-4D19-913C-DF382138689C}.Release|x86.Deploy.0 = Release|x86
	EndGlobalSection
	GlobalSection(SolutionProperties) = preSolution
		HideSolutionNode = FALSE
	EndGlobalSection
	GlobalSection(NestedProjects) = preSolution
		{C5986E4E-AFDE-48E1-9C29-2E353F9353A2} = {7C671455-1413-4F00-B5FF-C1EA7A3CD1B5}
		{3ECF3379-9443-451A-A59B-DF24831299FE} = {7C671455-1413-4F00-B5FF-C1EA7A3CD1B5}
		{4B2CE904-AF28-40A9-81EF-0118C02E2200} = {7C671455-1413-4F00-B5FF-C1EA7A3CD1B5}
		{22E0B69A-CC02-48C7-919C-3F3B7B68F753} = {7C671455-1413-4F00-B5FF-C1EA7A3CD1B5}
		{FE6D0303-1287-4D19-913C-DF382138689C} = {7C671455-1413-4F00-B5FF-C1EA7A3CD1B5}
	EndGlobalSection
EndGlobal
